
Microsoft Visual Studio Solution File, Format Version 12.00
# Visual Studio Version 17
VisualStudioVersion = 17.9.34723.18
MinimumVisualStudioVersion = 10.0.40219.1
Project("{9A19103F-16F7-4668-BE54-9A1E7A4F7556}") = "Pic_Simulator", "Pic_Simulator\Pic_Simulator.csproj", "{E013E97C-98F7-4008-9229-82853B9E4BAF}"
EndProject
Project("{9A19103F-16F7-4668-BE54-9A1E7A4F7556}") = "Kern", "Kern\Kern.csproj", "{50510440-4EF4-44E1-8E70-17A61E5C8B9F}"
EndProject
Project("{FAE04EC0-301F-11D3-BF4B-00C04F79EFBC}") = "Anwendungsschicht", "Use Case\Anwendungsschicht.csproj", "{C7864B16-27B6-440C-BCEA-207338EE218A}"
EndProject
Global
	GlobalSection(SolutionConfigurationPlatforms) = preSolution
		Debug|Any CPU = Debug|Any CPU
		Release|Any CPU = Release|Any CPU
	EndGlobalSection
	GlobalSection(ProjectConfigurationPlatforms) = postSolution
		{E013E97C-98F7-4008-9229-82853B9E4BAF}.Debug|Any CPU.ActiveCfg = Debug|Any CPU
		{E013E97C-98F7-4008-9229-82853B9E4BAF}.Debug|Any CPU.Build.0 = Debug|Any CPU
		{E013E97C-98F7-4008-9229-82853B9E4BAF}.Release|Any CPU.ActiveCfg = Release|Any CPU
		{E013E97C-98F7-4008-9229-82853B9E4BAF}.Release|Any CPU.Build.0 = Release|Any CPU
		{50510440-4EF4-44E1-8E70-17A61E5C8B9F}.Debug|Any CPU.ActiveCfg = Debug|Any CPU
		{50510440-4EF4-44E1-8E70-17A61E5C8B9F}.Debug|Any CPU.Build.0 = Debug|Any CPU
		{50510440-4EF4-44E1-8E70-17A61E5C8B9F}.Release|Any CPU.ActiveCfg = Release|Any CPU
		{50510440-4EF4-44E1-8E70-17A61E5C8B9F}.Release|Any CPU.Build.0 = Release|Any CPU
		{C7864B16-27B6-440C-BCEA-207338EE218A}.Debug|Any CPU.ActiveCfg = Debug|Any CPU
		{C7864B16-27B6-440C-BCEA-207338EE218A}.Debug|Any CPU.Build.0 = Debug|Any CPU
		{C7864B16-27B6-440C-BCEA-207338EE218A}.Release|Any CPU.ActiveCfg = Release|Any CPU
		{C7864B16-27B6-440C-BCEA-207338EE218A}.Release|Any CPU.Build.0 = Release|Any CPU
	EndGlobalSection
	GlobalSection(SolutionProperties) = preSolution
		HideSolutionNode = FALSE
	EndGlobalSection
	GlobalSection(ExtensibilityGlobals) = postSolution
		SolutionGuid = {395C639F-F1CE-478F-9FA9-C9C5998F795A}
	EndGlobalSection
EndGlobal
