
Microsoft Visual Studio Solution File, Format Version 12.00
# Visual Studio Version 17
VisualStudioVersion = 17.9.34723.18
MinimumVisualStudioVersion = 10.0.40219.1
Project("{FAE04EC0-301F-11D3-BF4B-00C04F79EFBC}") = "Pic_Simulator", "Pic_Simulator\Pic_Simulator.csproj", "{E013E97C-98F7-4008-9229-82853B9E4BAF}"
EndProject
Global
	GlobalSection(SolutionConfigurationPlatforms) = preSolution
		Debug|Any CPU = Debug|Any CPU
		Release|Any CPU = Release|Any CPU
	EndGlobalSection
	GlobalSection(ProjectConfigurationPlatforms) = postSolution
		{E013E97C-98F7-4008-9229-82853B9E4BAF}.Debug|Any CPU.ActiveCfg = Debug|Any CPU
		{E013E97C-98F7-4008-9229-82853B9E4BAF}.Debug|Any CPU.Build.0 = Debug|Any CPU
		{E013E97C-98F7-4008-9229-82853B9E4BAF}.Release|Any CPU.ActiveCfg = Release|Any CPU
		{E013E97C-98F7-4008-9229-82853B9E4BAF}.Release|Any CPU.Build.0 = Release|Any CPU
	EndGlobalSection
	GlobalSection(SolutionProperties) = preSolution
		HideSolutionNode = FALSE
	EndGlobalSection
	GlobalSection(ExtensibilityGlobals) = postSolution
		SolutionGuid = {395C639F-F1CE-478F-9FA9-C9C5998F795A}
	EndGlobalSection
EndGlobal
